{
  "name": "@facility/agent-clis",
  "version": "0.1.0",
  "lockfileVersion": 3,
  "requires": true,
  "packages": {
    "": {
      "name": "@facility/agent-clis",
      "version": "0.1.0",
      "dependencies": {
        "@anthropic-ai/claude-code": "2.1.215",
        "@openai/codex": "0.144.6"
      }
    },
    "node_modules/@anthropic-ai/claude-code": {
      "version": "2.1.215",
      "resolved": "https://registry.npmjs.org/@anthropic-ai/claude-code/-/claude-code-2.1.215.tgz",
      "integrity": "sha512-lsWBvyMyBqg/rOZ06o/HEhlpOzHsH8IBf9RH4u5gzizQ1LWS/oXAh5nqWNUu3hn2d8QkyYg0aseNzMDlGD+3qg==",
      "hasInstallScript": true,
      "license": "SEE LICENSE IN README.md",
      "bin": {
        "claude": "bin/claude.exe"
      },
      "engines": {
        "node": ">=22.0.0"
      },
      "optionalDependencies": {
        "@anthropic-ai/claude-code-darwin-arm64": "2.1.215",
        "@anthropic-ai/claude-code-darwin-x64": "2.1.215",
        "@anthropic-ai/claude-code-linux-arm64": "2.1.215",
        "@anthropic-ai/claude-code-linux-arm64-musl": "2.1.215",
        "@anthropic-ai/claude-code-linux-x64": "2.1.215",
        "@anthropic-ai/claude-code-linux-x64-musl": "2.1.215",
        "@anthropic-ai/claude-code-win32-arm64": "2.1.215",
        "@anthropic-ai/claude-code-win32-x64": "2.1.215"
      }
    },
    "node_modules/@anthropic-ai/claude-code-darwin-arm64": {
      "version": "2.1.215",
      "resolved": "https://registry.npmjs.org/@anthropic-ai/claude-code-darwin-arm64/-/claude-code-darwin-arm64-2.1.215.tgz",
      "integrity": "sha512-7a2z02vIgYmSikl6mmJ4f62x+wZA1pxbuszCQOlZhsxCN1rC/i7zt0mN8IJcMPz6darkg/GBRroVdk7WGHkdhQ==",
      "cpu": [
        "arm64"
      ],
      "license": "SEE LICENSE IN LICENSE.md",
      "optional": true,
      "os": [
        "darwin"
      ]
    },
    "node_modules/@anthropic-ai/claude-code-darwin-x64": {
      "version": "2.1.215",
      "resolved": "https://registry.npmjs.org/@anthropic-ai/claude-code-darwin-x64/-/claude-code-darwin-x64-2.1.215.tgz",
      "integrity": "sha512-tCgjfuhpGo9/1+VNHgk/jX8JTom+x54txyjF08h/q0d3ujsKFOzAXPF+X60d2x8FKX9RtlpuVELrfQ/x88H2Gg==",
      "cpu": [
        "x64"
      ],
      "license": "SEE LICENSE IN LICENSE.md",
      "optional": true,
      "os": [
        "darwin"
      ]
    },
    "node_modules/@anthropic-ai/claude-code-linux-arm64": {
      "version": "2.1.215",
      "resolved": "https://registry.npmjs.org/@anthropic-ai/claude-code-linux-arm64/-/claude-code-linux-arm64-2.1.215.tgz",
      "integrity": "sha512-wyfnBQBkZpYKXQ2+SGqtJRqzGfm06zN94JoetsqJa8CYvCZvkzApfBRgqzsLALGBtLK7Xf13HdED+SPd1R3T9w==",
      "cpu": [
        "arm64"
      ],
      "license": "SEE LICENSE IN LICENSE.md",
      "optional": true,
      "os": [
        "linux"
      ]
    },
    "node_modules/@anthropic-ai/claude-code-linux-arm64-musl": {
      "version": "2.1.215",
      "resolved": "https://registry.npmjs.org/@anthropic-ai/claude-code-linux-arm64-musl/-/claude-code-linux-arm64-musl-2.1.215.tgz",
      "integrity": "sha512-n++qR86+3VIYJrs6DjJrhaQ6Ys/zq3Uphhh00GyqkXMp2iNFzg8fuhK3XwxyeUYQ9bsgAXgNjqKGCojzxNlOBA==",
      "cpu": [
        "arm64"
      ],
      "license": "SEE LICENSE IN LICENSE.md",
      "optional": true,
      "os": [
        "linux"
      ]
    },
    "node_modules/@anthropic-ai/claude-code-linux-x64": {
      "version": "2.1.215",
      "resolved": "https://registry.npmjs.org/@anthropic-ai/claude-code-linux-x64/-/claude-code-linux-x64-2.1.215.tgz",
      "integrity": "sha512-zwDeTitQD3v0/GxX3hl1PTY54j7iF3/hA9QGFM95yind9hBkvLyv6aU9WdH7089s3AICfI6hZ74AFXtBRp6bzQ==",
      "cpu": [
        "x64"
      ],
      "license": "SEE LICENSE IN LICENSE.md",
      "optional": true,
      "os": [
        "linux"
      ]
    },
    "node_modules/@anthropic-ai/claude-code-linux-x64-musl": {
      "version": "2.1.215",
      "resolved": "https://registry.npmjs.org/@anthropic-ai/claude-code-linux-x64-musl/-/claude-code-linux-x64-musl-2.1.215.tgz",
      "integrity": "sha512-1DGj2/uQc6UTE3qEmw86c89Vew8sz2RTUpVxxSXY3TcALEGlzFODg8eRPg6IK/Ub9XnloN9gq59SQin+BJoNtw==",
      "cpu": [
        "x64"
      ],
      "license": "SEE LICENSE IN LICENSE.md",
      "optional": true,
      "os": [
        "linux"
      ]
    },
    "node_modules/@anthropic-ai/claude-code-win32-arm64": {
      "version": "2.1.215",
      "resolved": "https://registry.npmjs.org/@anthropic-ai/claude-code-win32-arm64/-/claude-code-win32-arm64-2.1.215.tgz",
      "integrity": "sha512-ZqpprcOB6Svuv/AERUCo87/qgoYtCRSF+iT+pPPM2VcSdVd5JdNFJTutMdxgkygylBBE0oYr51epO4CcRgVDWw==",
      "cpu": [
        "arm64"
      ],
      "license": "SEE LICENSE IN LICENSE.md",
      "optional": true,
      "os": [
        "win32"
      ]
    },
    "node_modules/@anthropic-ai/claude-code-win32-x64": {
      "version": "2.1.215",
      "resolved": "https://registry.npmjs.org/@anthropic-ai/claude-code-win32-x64/-/claude-code-win32-x64-2.1.215.tgz",
      "integrity": "sha512-0T7WB4Bw0k3fx/invBHwnF6KLMPi0QDv4zXM/F1fExqzzVUFoNIvZuXvp+/qbl9ElpqFfex22kmJn9OT6V74XA==",
      "cpu": [
        "x64"
      ],
      "license": "SEE LICENSE IN LICENSE.md",
      "optional": true,
      "os": [
        "win32"
      ]
    },
    "node_modules/@openai/codex": {
      "version": "0.144.6",
      "resolved": "https://registry.npmjs.org/@openai/codex/-/codex-0.144.6.tgz",
      "integrity": "sha512-wk+2CWiBNXiJLBoN2D08N9RceWkSBnlgk5g2K1a4CXrP/C0gdlHyRUG7RFzm9y41DCK/7tvCct233JVxyFmznw==",
      "license": "Apache-2.0",
      "bin": {
        "codex": "bin/codex.js"
      },
      "engines": {
        "node": ">=16"
      },
      "optionalDependencies": {
        "@openai/codex-darwin-arm64": "npm:@openai/codex@0.144.6-darwin-arm64",
        "@openai/codex-darwin-x64": "npm:@openai/codex@0.144.6-darwin-x64",
        "@openai/codex-linux-arm64": "npm:@openai/codex@0.144.6-linux-arm64",
        "@openai/codex-linux-x64": "npm:@openai/codex@0.144.6-linux-x64",
        "@openai/codex-win32-arm64": "npm:@openai/codex@0.144.6-win32-arm64",
        "@openai/codex-win32-x64": "npm:@openai/codex@0.144.6-win32-x64"
      }
    },
    "node_modules/@openai/codex-darwin-arm64": {
      "name": "@openai/codex",
      "version": "0.144.6-darwin-arm64",
      "resolved": "https://registry.npmjs.org/@openai/codex/-/codex-0.144.6-darwin-arm64.tgz",
      "integrity": "sha512-6zgvh70MzBNSeT17HEhSOrmmGGZGAKzSC7x6JAq+edkJkdPYA9P0I1tG7aJ49GlBkBxuC+MKBH1qm6+2Cghcww==",
      "cpu": [
        "arm64"
      ],
      "license": "Apache-2.0",
      "optional": true,
      "os": [
        "darwin"
      ],
      "engines": {
        "node": ">=16"
      }
    },
    "node_modules/@openai/codex-darwin-x64": {
      "name": "@openai/codex",
      "version": "0.144.6-darwin-x64",
      "resolved": "https://registry.npmjs.org/@openai/codex/-/codex-0.144.6-darwin-x64.tgz",
      "integrity": "sha512-THRyPG0zSU6M8NQAge1LHEHsJDnoH4BpKsfJHB/qe3Fm+Wf6zqAmWJFlOKzBm27m0K2Hq3za4Ac2I5p5i4yp/A==",
      "cpu": [
        "x64"
      ],
      "license": "Apache-2.0",
      "optional": true,
      "os": [
        "darwin"
      ],
      "engines": {
        "node": ">=16"
      }
    },
    "node_modules/@openai/codex-linux-arm64": {
      "name": "@openai/codex",
      "version": "0.144.6-linux-arm64",
      "resolved": "https://registry.npmjs.org/@openai/codex/-/codex-0.144.6-linux-arm64.tgz",
      "integrity": "sha512-PGiLXMN+2IQRkf7tOLi64dMInjU1pRLbz0Rwfj/yt2Y97SZQqAjFQoi2wmswmqtqMDnfwCPTC1DRXVQkvU6T6Q==",
      "cpu": [
        "arm64"
      ],
      "license": "Apache-2.0",
      "optional": true,
      "os": [
        "linux"
      ],
      "engines": {
        "node": ">=16"
      }
    },
    "node_modules/@openai/codex-linux-x64": {
      "name": "@openai/codex",
      "version": "0.144.6-linux-x64",
      "resolved": "https://registry.npmjs.org/@openai/codex/-/codex-0.144.6-linux-x64.tgz",
      "integrity": "sha512-4E7EnzCg0OnBxCyYnwJ+qnZwWHYe0YScr5ucKWbngE9u4+0XrpWELqq2Kn9jl5GZK8MDjU7PrJwFIwusHOHjuw==",
      "cpu": [
        "x64"
      ],
      "license": "Apache-2.0",
      "optional": true,
      "os": [
        "linux"
      ],
      "engines": {
        "node": ">=16"
      }
    },
    "node_modules/@openai/codex-win32-arm64": {
      "name": "@openai/codex",
      "version": "0.144.6-win32-arm64",
      "resolved": "https://registry.npmjs.org/@openai/codex/-/codex-0.144.6-win32-arm64.tgz",
      "integrity": "sha512-SpMjXJLW43JzMP0K62mVcYfmFcpk0BK4AOgYmWSfyZHs3iRtHMd0UYw7605n/9lwkT2EqbwQLT2omZFeKJFzwA==",
      "cpu": [
        "arm64"
      ],
      "license": "Apache-2.0",
      "optional": true,
      "os": [
        "win32"
      ],
      "engines": {
        "node": ">=16"
      }
    },
    "node_modules/@openai/codex-win32-x64": {
      "name": "@openai/codex",
      "version": "0.144.6-win32-x64",
      "resolved": "https://registry.npmjs.org/@openai/codex/-/codex-0.144.6-win32-x64.tgz",
      "integrity": "sha512-dN39VnjEthKz5io1RNWwZDtErdSn07nW3pGUgvlA6DMxgm/nuGaIAZO/sG/Hgxq/x5j9HteAENfrFgVkpZ0lFg==",
      "cpu": [
        "x64"
      ],
      "license": "Apache-2.0",
      "optional": true,
      "os": [
        "win32"
      ],
      "engines": {
        "node": ">=16"
      }
    }
  }
}
