{
  "name": "@facility/agent-clis",
  "version": "0.1.0",
  "lockfileVersion": 3,
  "requires": true,
  "packages": {
    "": {
      "name": "@facility/agent-clis",
      "version": "0.1.0",
      "dependencies": {
        "@anthropic-ai/claude-code": "2.1.284",
        "@openai/codex": "0.160.1"
      }
    },
    "node_modules/@anthropic-ai/claude-code": {
      "version": "2.1.284",
      "resolved": "https://registry.npmjs.org/@anthropic-ai/claude-code/-/claude-code-2.1.284.tgz",
      "integrity": "sha512-IuENsoLa+Y5fx5VaP0Md3n5UO7aYxjbFE/iydSDw6tMo2171oaxaaBa9oIepPG9NILd1owSx74ozsqAkTbEOjw==",
      "hasInstallScript": true,
      "license": "SEE LICENSE IN README.md",
      "bin": {
        "claude": "bin/claude.exe"
      },
      "engines": {
        "node": ">=22.0.0"
      },
      "optionalDependencies": {
        "@anthropic-ai/claude-code-darwin-arm64": "2.1.284",
        "@anthropic-ai/claude-code-darwin-x64": "2.1.284",
        "@anthropic-ai/claude-code-linux-arm64": "2.1.284",
        "@anthropic-ai/claude-code-linux-arm64-musl": "2.1.284",
        "@anthropic-ai/claude-code-linux-x64": "2.1.284",
        "@anthropic-ai/claude-code-linux-x64-musl": "2.1.284",
        "@anthropic-ai/claude-code-win32-arm64": "2.1.284",
        "@anthropic-ai/claude-code-win32-x64": "2.1.284"
      }
    },
    "node_modules/@anthropic-ai/claude-code-darwin-arm64": {
      "version": "2.1.284",
      "resolved": "https://registry.npmjs.org/@anthropic-ai/claude-code-darwin-arm64/-/claude-code-darwin-arm64-2.1.284.tgz",
      "integrity": "sha512-WczsKY4Bg4dlh5M2UILMHM/9xpBdDcXLulzCSE+TFIb6itI7q3kfYTIwvKOzxB557krwHEuKLgWkUiXGdojjVQ==",
      "cpu": [
        "arm64"
      ],
      "license": "SEE LICENSE IN LICENSE.md",
      "optional": true,
      "os": [
        "darwin"
      ]
    },
    "node_modules/@anthropic-ai/claude-code-darwin-x64": {
      "version": "2.1.284",
      "resolved": "https://registry.npmjs.org/@anthropic-ai/claude-code-darwin-x64/-/claude-code-darwin-x64-2.1.284.tgz",
      "integrity": "sha512-C/ccPWroFmQxT2ao6l4Fb8xbBrrQA/sGQNJSFqwfhpFUmwqmdvfPDqL4II60rkZ9KBaYHSOeowUJkdknOWPGiQ==",
      "cpu": [
        "x64"
      ],
      "license": "SEE LICENSE IN LICENSE.md",
      "optional": true,
      "os": [
        "darwin"
      ]
    },
    "node_modules/@anthropic-ai/claude-code-linux-arm64": {
      "version": "2.1.284",
      "resolved": "https://registry.npmjs.org/@anthropic-ai/claude-code-linux-arm64/-/claude-code-linux-arm64-2.1.284.tgz",
      "integrity": "sha512-S2bS/X/WNr4oe5c2qOdWGIfL9O/oTVLG7mlCI8FNLPWTQ2tNoeaLFPUzpyEkB4aIv4CL8+dw6YocT0JUDoI/1A==",
      "cpu": [
        "arm64"
      ],
      "license": "SEE LICENSE IN LICENSE.md",
      "optional": true,
      "os": [
        "linux"
      ]
    },
    "node_modules/@anthropic-ai/claude-code-linux-arm64-musl": {
      "version": "2.1.284",
      "resolved": "https://registry.npmjs.org/@anthropic-ai/claude-code-linux-arm64-musl/-/claude-code-linux-arm64-musl-2.1.284.tgz",
      "integrity": "sha512-+d0msskdpE9fCwOaqBrxTpGmLA8v2Kby/OPZu7XmAaukjvGryWCotPwDC0m9WVNUzCV0G+DZRmDWr1GCce5yEA==",
      "cpu": [
        "arm64"
      ],
      "license": "SEE LICENSE IN LICENSE.md",
      "optional": true,
      "os": [
        "linux"
      ]
    },
    "node_modules/@anthropic-ai/claude-code-linux-x64": {
      "version": "2.1.284",
      "resolved": "https://registry.npmjs.org/@anthropic-ai/claude-code-linux-x64/-/claude-code-linux-x64-2.1.284.tgz",
      "integrity": "sha512-hjjPgN4u8DvnzZqWDYnU5xxQkykuUrkUoVeeutVLXjrhx4qeRPmwgZ69BFAHmV42FBRdiRwbLbiDE9nkQdAE8g==",
      "cpu": [
        "x64"
      ],
      "license": "SEE LICENSE IN LICENSE.md",
      "optional": true,
      "os": [
        "linux"
      ]
    },
    "node_modules/@anthropic-ai/claude-code-linux-x64-musl": {
      "version": "2.1.284",
      "resolved": "https://registry.npmjs.org/@anthropic-ai/claude-code-linux-x64-musl/-/claude-code-linux-x64-musl-2.1.284.tgz",
      "integrity": "sha512-6oPajQ/DRftfQOJ330vrnXsQQ9CkwSz6DkjjurfWZClpNNZbOv186EYk9llMR3PiKOA9W05DiPW86nddsgtP7w==",
      "cpu": [
        "x64"
      ],
      "license": "SEE LICENSE IN LICENSE.md",
      "optional": true,
      "os": [
        "linux"
      ]
    },
    "node_modules/@anthropic-ai/claude-code-win32-arm64": {
      "version": "2.1.284",
      "resolved": "https://registry.npmjs.org/@anthropic-ai/claude-code-win32-arm64/-/claude-code-win32-arm64-2.1.284.tgz",
      "integrity": "sha512-4bYKLZh7Wu8N3iVuDL+WTZAi40DYWDuzMky5tBZyVf/1w8o1jdx9UOgbRp/Hc9fMbGqt/Mo7gdbX93ANi6550Q==",
      "cpu": [
        "arm64"
      ],
      "license": "SEE LICENSE IN LICENSE.md",
      "optional": true,
      "os": [
        "win32"
      ]
    },
    "node_modules/@anthropic-ai/claude-code-win32-x64": {
      "version": "2.1.284",
      "resolved": "https://registry.npmjs.org/@anthropic-ai/claude-code-win32-x64/-/claude-code-win32-x64-2.1.284.tgz",
      "integrity": "sha512-Usw9Z8unwN6sWlhAJm5pBdTj5LoYBotUddhCBpnnH1XFJT9dgxRvRXqhftuVQi6LhorFo/HD0VfeHmmJFNCMaw==",
      "cpu": [
        "x64"
      ],
      "license": "SEE LICENSE IN LICENSE.md",
      "optional": true,
      "os": [
        "win32"
      ]
    },
    "node_modules/@openai/codex": {
      "version": "0.160.1",
      "resolved": "https://registry.npmjs.org/@openai/codex/-/codex-0.160.1.tgz",
      "integrity": "sha512-f1yrJhwgimKQI1kYQlxdPJcFwkNZxZrbz7Hf89EAcnLqkQ7TiESzr2FgSZn13Ga5RuHjlVUfurzwq10wk9zw2g==",
      "license": "Apache-2.0",
      "bin": {
        "codex": "bin/codex.js"
      },
      "engines": {
        "node": ">=16"
      },
      "optionalDependencies": {
        "@openai/codex-darwin-arm64": "npm:@openai/codex@0.160.1-darwin-arm64",
        "@openai/codex-darwin-x64": "npm:@openai/codex@0.160.1-darwin-x64",
        "@openai/codex-linux-arm64": "npm:@openai/codex@0.160.1-linux-arm64",
        "@openai/codex-linux-x64": "npm:@openai/codex@0.160.1-linux-x64",
        "@openai/codex-win32-arm64": "npm:@openai/codex@0.160.1-win32-arm64",
        "@openai/codex-win32-x64": "npm:@openai/codex@0.160.1-win32-x64"
      }
    },
    "node_modules/@openai/codex-darwin-arm64": {
      "name": "@openai/codex",
      "version": "0.160.1-darwin-arm64",
      "resolved": "https://registry.npmjs.org/@openai/codex/-/codex-0.160.1-darwin-arm64.tgz",
      "integrity": "sha512-6Znu97O7+Ie/cnUpsWLx6NlcPc7DNuj6sAs58xpt0/tKRgx4+xgE9zca1YrwqQUBjUQO1HexudyimmhpZjdWlA==",
      "cpu": [
        "arm64"
      ],
      "license": "Apache-2.0",
      "optional": true,
      "os": [
        "darwin"
      ],
      "engines": {
        "node": ">=16"
      }
    },
    "node_modules/@openai/codex-darwin-x64": {
      "name": "@openai/codex",
      "version": "0.160.1-darwin-x64",
      "resolved": "https://registry.npmjs.org/@openai/codex/-/codex-0.160.1-darwin-x64.tgz",
      "integrity": "sha512-Q33hmY6BxhoQRgCo4f/xS20yMxORnilQMNdr5w1bXSkXGYAty8/z9odcHbsNYUM6m0fNle12DHLQ5F0Dpfji3A==",
      "cpu": [
        "x64"
      ],
      "license": "Apache-2.0",
      "optional": true,
      "os": [
        "darwin"
      ],
      "engines": {
        "node": ">=16"
      }
    },
    "node_modules/@openai/codex-linux-arm64": {
      "name": "@openai/codex",
      "version": "0.160.1-linux-arm64",
      "resolved": "https://registry.npmjs.org/@openai/codex/-/codex-0.160.1-linux-arm64.tgz",
      "integrity": "sha512-JLyjBlmjPvwTaicHemw+y5xQSz3Uja2r7F/xkvS8gFufTA2g132Ak+0fo35xnJ/k2uc9fTtjm0LrsEGI78L6Ng==",
      "cpu": [
        "arm64"
      ],
      "license": "Apache-2.0",
      "optional": true,
      "os": [
        "linux"
      ],
      "engines": {
        "node": ">=16"
      }
    },
    "node_modules/@openai/codex-linux-x64": {
      "name": "@openai/codex",
      "version": "0.160.1-linux-x64",
      "resolved": "https://registry.npmjs.org/@openai/codex/-/codex-0.160.1-linux-x64.tgz",
      "integrity": "sha512-sIDhqV+bsZKKVaVFVY5iB+pAzyOz2XRm3H1KXCsSJwGj5p98qnrT0Fweo1Hfe7WnyTp8mfBNdbVzUeO+mHYugA==",
      "cpu": [
        "x64"
      ],
      "license": "Apache-2.0",
      "optional": true,
      "os": [
        "linux"
      ],
      "engines": {
        "node": ">=16"
      }
    },
    "node_modules/@openai/codex-win32-arm64": {
      "name": "@openai/codex",
      "version": "0.160.1-win32-arm64",
      "resolved": "https://registry.npmjs.org/@openai/codex/-/codex-0.160.1-win32-arm64.tgz",
      "integrity": "sha512-PCGz2kVUBKKzyKv/cqo/1WqWN8GVUyk9sk0LyWIyXftdU0t+SSsGp45c2I6iOitm88ftGB3LxFHpTMnaiIKU7w==",
      "cpu": [
        "arm64"
      ],
      "license": "Apache-2.0",
      "optional": true,
      "os": [
        "win32"
      ],
      "engines": {
        "node": ">=16"
      }
    },
    "node_modules/@openai/codex-win32-x64": {
      "name": "@openai/codex",
      "version": "0.160.1-win32-x64",
      "resolved": "https://registry.npmjs.org/@openai/codex/-/codex-0.160.1-win32-x64.tgz",
      "integrity": "sha512-yyqykHtHNhm0ZViofGozz9a4ffUyXDsiyRu9Q2hPNg/cu4uzSsovNr5kDmzBXPFWAilmlZuNkwpw1W7uae2nlg==",
      "cpu": [
        "x64"
      ],
      "license": "Apache-2.0",
      "optional": true,
      "os": [
        "win32"
      ],
      "engines": {
        "node": ">=16"
      }
    }
  }
}
